{
    "_meta": {
        "hash": {
            "sha256": "a300923f6cbfaf8b6d5f56d340fc20cdd5208d2bd380781c218510f2fda69d40"
        },
        "pipfile-spec": 6,
        "requires": {
            "python_version": "3.0"
        },
        "sources": [
            {
                "name": "pypi",
                "url": "https://pypi.org/simple",
                "verify_ssl": true
            }
        ]
    },
    "default": {
        "pathlib": {
            "hashes": [
                "sha256:6940718dfc3eff4258203ad5021090933e5c04707d5ca8cc9e73c94a7894ea9f"
            ],
            "index": "pypi",
            "version": "==1.0.1"
        }
    },
    "develop": {}
}
